
Microsoft Visual Studio Solution File, Format Version 12.00
# Visual Studio Version 17
VisualStudioVersion = 17.1.32210.238
MinimumVisualStudioVersion = 10.0.40219.1
Project("{9A19103F-16F7-4668-BE54-9A1E7A4F7556}") = "EmptyWebContentProjectTemplate", "EmptyWebContentProjectTemplate.csproj", "{713BD1A1-2B65-463F-9E4D-A0E8D701246F}"
EndProject
Global
	GlobalSection(SolutionConfigurationPlatforms) = preSolution
		Debug|Any CPU = Debug|Any CPU
		Release|Any CPU = Release|Any CPU
	EndGlobalSection
	GlobalSection(ProjectConfigurationPlatforms) = postSolution
		{713BD1A1-2B65-463F-9E4D-A0E8D701246F}.Debug|Any CPU.ActiveCfg = Debug|Any CPU
		{713BD1A1-2B65-463F-9E4D-A0E8D701246F}.Debug|Any CPU.Build.0 = Debug|Any CPU
		{713BD1A1-2B65-463F-9E4D-A0E8D701246F}.Release|Any CPU.ActiveCfg = Release|Any CPU
		{713BD1A1-2B65-463F-9E4D-A0E8D701246F}.Release|Any CPU.Build.0 = Release|Any CPU
	EndGlobalSection
	GlobalSection(SolutionProperties) = preSolution
		HideSolutionNode = FALSE
	EndGlobalSection
	GlobalSection(ExtensibilityGlobals) = postSolution
		SolutionGuid = {E0F3A663-A098-405C-902B-38274720303C}
	EndGlobalSection
EndGlobal
